
Microsoft Visual Studio Solution File, Format Version 12.00
# Visual Studio Version 16
VisualStudioVersion = 16.0.30717.126
MinimumVisualStudioVersion = 10.0.40219.1
Project("{FAE04EC0-301F-11D3-BF4B-00C04F79EFBC}") = "Fuvar", "Fuvar\Fuvar.csproj", "{7085BDF9-DB16-471C-95DB-357061F61F1A}"
EndProject
Global
	GlobalSection(SolutionConfigurationPlatforms) = preSolution
		Debug|Any CPU = Debug|Any CPU
		Release|Any CPU = Release|Any CPU
	EndGlobalSection
	GlobalSection(ProjectConfigurationPlatforms) = postSolution
		{7085BDF9-DB16-471C-95DB-357061F61F1A}.Debug|Any CPU.ActiveCfg = Debug|Any CPU
		{7085BDF9-DB16-471C-95DB-357061F61F1A}.Debug|Any CPU.Build.0 = Debug|Any CPU
		{7085BDF9-DB16-471C-95DB-357061F61F1A}.Release|Any CPU.ActiveCfg = Release|Any CPU
		{7085BDF9-DB16-471C-95DB-357061F61F1A}.Release|Any CPU.Build.0 = Release|Any CPU
	EndGlobalSection
	GlobalSection(SolutionProperties) = preSolution
		HideSolutionNode = FALSE
	EndGlobalSection
	GlobalSection(ExtensibilityGlobals) = postSolution
		SolutionGuid = {69FB1311-DEB4-4D24-942D-5B21E9A07BB2}
	EndGlobalSection
EndGlobal
